
Microsoft Visual Studio Solution File, Format Version 12.00
Project("{FAE04EC0-301F-11D3-BF4B-00C04F79EFBC}") = "WebApplication1", "WebApplication1\WebApplication1.csproj", "{AE17DFD7-41CD-4D91-ADC6-3287C8231336}"
EndProject
Project("{FAE04EC0-301F-11D3-BF4B-00C04F79EFBC}") = "ConsoleApp1", "ConsoleApp1\ConsoleApp1.csproj", "{FE7FC57C-8259-4880-A4F2-2111C5C8CF62}"
EndProject
Global
	GlobalSection(SolutionConfigurationPlatforms) = preSolution
		Debug|Any CPU = Debug|Any CPU
		Release|Any CPU = Release|Any CPU
	EndGlobalSection
	GlobalSection(ProjectConfigurationPlatforms) = postSolution
		{AE17DFD7-41CD-4D91-ADC6-3287C8231336}.Debug|Any CPU.ActiveCfg = Debug|Any CPU
		{AE17DFD7-41CD-4D91-ADC6-3287C8231336}.Debug|Any CPU.Build.0 = Debug|Any CPU
		{AE17DFD7-41CD-4D91-ADC6-3287C8231336}.Release|Any CPU.ActiveCfg = Release|Any CPU
		{AE17DFD7-41CD-4D91-ADC6-3287C8231336}.Release|Any CPU.Build.0 = Release|Any CPU
		{FE7FC57C-8259-4880-A4F2-2111C5C8CF62}.Debug|Any CPU.ActiveCfg = Debug|Any CPU
		{FE7FC57C-8259-4880-A4F2-2111C5C8CF62}.Debug|Any CPU.Build.0 = Debug|Any CPU
		{FE7FC57C-8259-4880-A4F2-2111C5C8CF62}.Release|Any CPU.ActiveCfg = Release|Any CPU
		{FE7FC57C-8259-4880-A4F2-2111C5C8CF62}.Release|Any CPU.Build.0 = Release|Any CPU
	EndGlobalSection
EndGlobal
